// !$*UTF8*$!
{
	archiveVersion = 1;
	classes = {
	};
	objectVersion = 46;
	objects = {

/* Begin PBXBuildFile section */
		D3E4CAF11A5A8007007E977B /* AppDelegate.swift in Sources */ = {isa = PBXBuildFile; fileRef = D3E4CAF01A5A8007007E977B /* AppDelegate.swift */; };
		D3E4CAF31A5A8007007E977B /* ViewController.swift in Sources */ = {isa = PBXBuildFile; fileRef = D3E4CAF21A5A8007007E977B /* ViewController.swift */; };
		D3E4CAF61A5A8007007E977B /* Main.storyboard in Resources */ = {isa = PBXBuildFile; fileRef = D3E4CAF41A5A8007007E977B /* Main.storyboard */; };
		D3E4CAF81A5A8007007E977B /* Images.xcassets in Resources */ = {isa = PBXBuildFile; fileRef = D3E4CAF71A5A8007007E977B /* Images.xcassets */; };
		D3E4CAFB1A5A8007007E977B /* LaunchScreen.xib in Resources */ = {isa = PBXBuildFile; fileRef = D3E4CAF91A5A8007007E977B /* LaunchScreen.xib */; };
		D3E4CB071A5A8007007E977B /* PagesTestTests.swift in Sources */ = {isa = PBXBuildFile; fileRef = D3E4CB061A5A8007007E977B /* PagesTestTests.swift */; };
		D3E4CB111A5A900D007E977B /* ContentViewController.swift in Sources */ = {isa = PBXBuildFile; fileRef = D3E4CB101A5A900D007E977B /* ContentViewController.swift */; };
/* End PBXBuildFile section */

/* Begin PBXContainerItemProxy section */
		D3E4CB011A5A8007007E977B /* PBXContainerItemProxy */ = {
			isa = PBXContainerItemProxy;
			containerPortal = D3E4CAE31A5A8007007E977B /* Project object */;
			proxyType = 1;
			remoteGlobalIDString = D3E4CAEA1A5A8007007E977B;
			remoteInfo = PagesTest;
		};
/* End PBXContainerItemProxy section */

/* Begin PBXFileReference section */
		D3E4CAEB1A5A8007007E977B /* PagesTest.app */ = {isa = PBXFileReference; explicitFileType = wrapper.application; includeInIndex = 0; path = PagesTest.app; sourceTree = BUILT_PRODUCTS_DIR; };
		D3E4CAEF1A5A8007007E977B /* Info.plist */ = {isa = PBXFileReference; lastKnownFileType = text.plist.xml; path = Info.plist; sourceTree = "<group>"; };
		D3E4CAF01A5A8007007E977B /* AppDelegate.swift */ = {isa = PBXFileReference; lastKnownFileType = sourcecode.swift; path = AppDelegate.swift; sourceTree = "<group>"; };
		D3E4CAF21A5A8007007E977B /* ViewController.swift */ = {isa = PBXFileReference; lastKnownFileType = sourcecode.swift; path = ViewController.swift; sourceTree = "<group>"; };
		D3E4CAF51A5A8007007E977B /* Base */ = {isa = PBXFileReference; lastKnownFileType = file.storyboard; name = Base; path = Base.lproj/Main.storyboard; sourceTree = "<group>"; };
		D3E4CAF71A5A8007007E977B /* Images.xcassets */ = {isa = PBXFileReference; lastKnownFileType = folder.assetcatalog; path = Images.xcassets; sourceTree = "<group>"; };
		D3E4CAFA1A5A8007007E977B /* Base */ = {isa = PBXFileReference; lastKnownFileType = file.xib; name = Base; path = Base.lproj/LaunchScreen.xib; sourceTree = "<group>"; };
		D3E4CB001A5A8007007E977B /* PagesTestTests.xctest */ = {isa = PBXFileReference; explicitFileType = wrapper.cfbundle; includeInIndex = 0; path = PagesTestTests.xctest; sourceTree = BUILT_PRODUCTS_DIR; };
		D3E4CB051A5A8007007E977B /* Info.plist */ = {isa = PBXFileReference; lastKnownFileType = text.plist.xml; path = Info.plist; sourceTree = "<group>"; };
		D3E4CB061A5A8007007E977B /* PagesTestTests.swift */ = {isa = PBXFileReference; lastKnownFileType = sourcecode.swift; path = PagesTestTests.swift; sourceTree = "<group>"; };
		D3E4CB101A5A900D007E977B /* ContentViewController.swift */ = {isa = PBXFileReference; fileEncoding = 4; lastKnownFileType = sourcecode.swift; path = ContentViewController.swift; sourceTree = "<group>"; };
/* End PBXFileReference section */

/* Begin PBXFrameworksBuildPhase section */
		D3E4CAE81A5A8007007E977B /* Frameworks */ = {
			isa = PBXFrameworksBuildPhase;
			buildActionMask = 2147483647;
			files = (
			);
			runOnlyForDeploymentPostprocessing = 0;
		};
		D3E4CAFD1A5A8007007E977B /* Frameworks */ = {
			isa = PBXFrameworksBuildPhase;
			buildActionMask = 2147483647;
			files = (
			);
			runOnlyForDeploymentPostprocessing = 0;
		};
/* End PBXFrameworksBuildPhase section */

/* Begin PBXGroup section */
		D3E4CAE21A5A8007007E977B = {
			isa = PBXGroup;
			children = (
				D3E4CAED1A5A8007007E977B /* PagesTest */,
				D3E4CB031A5A8007007E977B /* PagesTestTests */,
				D3E4CAEC1A5A8007007E977B /* Products */,
			);
			sourceTree = "<group>";
		};
		D3E4CAEC1A5A8007007E977B /* Products */ = {
			isa = PBXGroup;
			children = (
				D3E4CAEB1A5A8007007E977B /* PagesTest.app */,
				D3E4CB001A5A8007007E977B /* PagesTestTests.xctest */,
			);
			name = Products;
			sourceTree = "<group>";
		};
		D3E4CAED1A5A8007007E977B /* PagesTest */ = {
			isa = PBXGroup;
			children = (
				D3E4CAF01A5A8007007E977B /* AppDelegate.swift */,
				D3E4CAF21A5A8007007E977B /* ViewController.swift */,
				D3E4CB101A5A900D007E977B /* ContentViewController.swift */,
				D3E4CAF41A5A8007007E977B /* Main.storyboard */,
				D3E4CAF71A5A8007007E977B /* Images.xcassets */,
				D3E4CAF91A5A8007007E977B /* LaunchScreen.xib */,
				D3E4CAEE1A5A8007007E977B /* Supporting Files */,
			);
			path = PagesTest;
			sourceTree = "<group>";
		};
		D3E4CAEE1A5A8007007E977B /* Supporting Files */ = {
			isa = PBXGroup;
			children = (
				D3E4CAEF1A5A8007007E977B /* Info.plist */,
			);
			name = "Supporting Files";
			sourceTree = "<group>";
		};
		D3E4CB031A5A8007007E977B /* PagesTestTests */ = {
			isa = PBXGroup;
			children = (
				D3E4CB061A5A8007007E977B /* PagesTestTests.swift */,
				D3E4CB041A5A8007007E977B /* Supporting Files */,
			);
			path = PagesTestTests;
			sourceTree = "<group>";
		};
		D3E4CB041A5A8007007E977B /* Supporting Files */ = {
			isa = PBXGroup;
			children = (
				D3E4CB051A5A8007007E977B /* Info.plist */,
			);
			name = "Supporting Files";
			sourceTree = "<group>";
		};
/* End PBXGroup section */

/* Begin PBXNativeTarget section */
		D3E4CAEA1A5A8007007E977B /* PagesTest */ = {
			isa = PBXNativeTarget;
			buildConfigurationList = D3E4CB0A1A5A8007007E977B /* Build configuration list for PBXNativeTarget "PagesTest" */;
			buildPhases = (
				D3E4CAE71A5A8007007E977B /* Sources */,
				D3E4CAE81A5A8007007E977B /* Frameworks */,
				D3E4CAE91A5A8007007E977B /* Resources */,
			);
			buildRules = (
			);
			dependencies = (
			);
			name = PagesTest;
			productName = PagesTest;
			productReference = D3E4CAEB1A5A8007007E977B /* PagesTest.app */;
			productType = "com.apple.product-type.application";
		};
		D3E4CAFF1A5A8007007E977B /* PagesTestTests */ = {
			isa = PBXNativeTarget;
			buildConfigurationList = D3E4CB0D1A5A8007007E977B /* Build configuration list for PBXNativeTarget "PagesTestTests" */;
			buildPhases = (
				D3E4CAFC1A5A8007007E977B /* Sources */,
				D3E4CAFD1A5A8007007E977B /* Frameworks */,
				D3E4CAFE1A5A8007007E977B /* Resources */,
			);
			buildRules = (
			);
			dependencies = (
				D3E4CB021A5A8007007E977B /* PBXTargetDependency */,
			);
			name = PagesTestTests;
			productName = PagesTestTests;
			productReference = D3E4CB001A5A8007007E977B /* PagesTestTests.xctest */;
			productType = "com.apple.product-type.bundle.unit-test";
		};
/* End PBXNativeTarget section */

/* Begin PBXProject section */
		D3E4CAE31A5A8007007E977B /* Project object */ = {
			isa = PBXProject;
			attributes = {
				LastUpgradeCheck = 0610;
				ORGANIZATIONNAME = liveperson;
				TargetAttributes = {
					D3E4CAEA1A5A8007007E977B = {
						CreatedOnToolsVersion = 6.1.1;
					};
					D3E4CAFF1A5A8007007E977B = {
						CreatedOnToolsVersion = 6.1.1;
						TestTargetID = D3E4CAEA1A5A8007007E977B;
					};
				};
			};
			buildConfigurationList = D3E4CAE61A5A8007007E977B /* Build configuration list for PBXProject "PagesTest" */;
			compatibilityVersion = "Xcode 3.2";
			developmentRegion = English;
			hasScannedForEncodings = 0;
			knownRegions = (
				en,
				Base,
			);
			mainGroup = D3E4CAE21A5A8007007E977B;
			productRefGroup = D3E4CAEC1A5A8007007E977B /* Products */;
			projectDirPath = "";
			projectRoot = "";
			targets = (
				D3E4CAEA1A5A8007007E977B /* PagesTest */,
				D3E4CAFF1A5A8007007E977B /* PagesTestTests */,
			);
		};
/* End PBXProject section */

/* Begin PBXResourcesBuildPhase section */
		D3E4CAE91A5A8007007E977B /* Resources */ = {
			isa = PBXResourcesBuildPhase;
			buildActionMask = 2147483647;
			files = (
				D3E4CAF61A5A8007007E977B /* Main.storyboard in Resources */,
				D3E4CAFB1A5A8007007E977B /* LaunchScreen.xib in Resources */,
				D3E4CAF81A5A8007007E977B /* Images.xcassets in Resources */,
			);
			runOnlyForDeploymentPostprocessing = 0;
		};
		D3E4CAFE1A5A8007007E977B /* Resources */ = {
			isa = PBXResourcesBuildPhase;
			buildActionMask = 2147483647;
			files = (
			);
			runOnlyForDeploymentPostprocessing = 0;
		};
/* End PBXResourcesBuildPhase section */

/* Begin PBXSourcesBuildPhase section */
		D3E4CAE71A5A8007007E977B /* Sources */ = {
			isa = PBXSourcesBuildPhase;
			buildActionMask = 2147483647;
			files = (
				D3E4CB111A5A900D007E977B /* ContentViewController.swift in Sources */,
				D3E4CAF31A5A8007007E977B /* ViewController.swift in Sources */,
				D3E4CAF11A5A8007007E977B /* AppDelegate.swift in Sources */,
			);
			runOnlyForDeploymentPostprocessing = 0;
		};
		D3E4CAFC1A5A8007007E977B /* Sources */ = {
			isa = PBXSourcesBuildPhase;
			buildActionMask = 2147483647;
			files = (
				D3E4CB071A5A8007007E977B /* PagesTestTests.swift in Sources */,
			);
			runOnlyForDeploymentPostprocessing = 0;
		};
/* End PBXSourcesBuildPhase section */

/* Begin PBXTargetDependency section */
		D3E4CB021A5A8007007E977B /* PBXTargetDependency */ = {
			isa = PBXTargetDependency;
			target = D3E4CAEA1A5A8007007E977B /* PagesTest */;
			targetProxy = D3E4CB011A5A8007007E977B /* PBXContainerItemProxy */;
		};
/* End PBXTargetDependency section */

/* Begin PBXVariantGroup section */
		D3E4CAF41A5A8007007E977B /* Main.storyboard */ = {
			isa = PBXVariantGroup;
			children = (
				D3E4CAF51A5A8007007E977B /* Base */,
			);
			name = Main.storyboard;
			sourceTree = "<group>";
		};
		D3E4CAF91A5A8007007E977B /* LaunchScreen.xib */ = {
			isa = PBXVariantGroup;
			children = (
				D3E4CAFA1A5A8007007E977B /* Base */,
			);
			name = LaunchScreen.xib;
			sourceTree = "<group>";
		};
/* End PBXVariantGroup section */

/* Begin XCBuildConfiguration section */
		D3E4CB081A5A8007007E977B /* Debug */ = {
			isa = XCBuildConfiguration;
			buildSettings = {
				ALWAYS_SEARCH_USER_PATHS = NO;
				CLANG_CXX_LANGUAGE_STANDARD = "gnu++0x";
				CLANG_CXX_LIBRARY = "libc++";
				CLANG_ENABLE_MODULES = YES;
				CLANG_ENABLE_OBJC_ARC = YES;
				CLANG_WARN_BOOL_CONVERSION = YES;
				CLANG_WARN_CONSTANT_CONVERSION = YES;
				CLANG_WARN_DIRECT_OBJC_ISA_USAGE = YES_ERROR;
				CLANG_WARN_EMPTY_BODY = YES;
				CLANG_WARN_ENUM_CONVERSION = YES;
				CLANG_WARN_INT_CONVERSION = YES;
				CLANG_WARN_OBJC_ROOT_CLASS = YES_ERROR;
				CLANG_WARN_UNREACHABLE_CODE = YES;
				CLANG_WARN__DUPLICATE_METHOD_MATCH = YES;
				"CODE_SIGN_IDENTITY[sdk=iphoneos*]" = "iPhone Developer";
				COPY_PHASE_STRIP = NO;
				ENABLE_STRICT_OBJC_MSGSEND = YES;
				GCC_C_LANGUAGE_STANDARD = gnu99;
				GCC_DYNAMIC_NO_PIC = NO;
				GCC_OPTIMIZATION_LEVEL = 0;
				GCC_PREPROCESSOR_DEFINITIONS = (
					"DEBUG=1",
					"$(inherited)",
				);
				GCC_SYMBOLS_PRIVATE_EXTERN = NO;
				GCC_WARN_64_TO_32_BIT_CONVERSION = YES;
				GCC_WARN_ABOUT_RETURN_TYPE = YES_ERROR;
				GCC_WARN_UNDECLARED_SELECTOR = YES;
				GCC_WARN_UNINITIALIZED_AUTOS = YES_AGGRESSIVE;
				GCC_WARN_UNUSED_FUNCTION = YES;
				GCC_WARN_UNUSED_VARIABLE = YES;
				IPHONEOS_DEPLOYMENT_TARGET = 8.1;
				MTL_ENABLE_DEBUG_INFO = YES;
				ONLY_ACTIVE_ARCH = YES;
				SDKROOT = iphoneos;
				SWIFT_OPTIMIZATION_LEVEL = "-Onone";
			};
			name = Debug;
		};
		D3E4CB091A5A8007007E977B /* Release */ = {
			isa = XCBuildConfiguration;
			buildSettings = {
				ALWAYS_SEARCH_USER_PATHS = NO;
				CLANG_CXX_LANGUAGE_STANDARD = "gnu++0x";
				CLANG_CXX_LIBRARY = "libc++";
				CLANG_ENABLE_MODULES = YES;
				CLANG_ENABLE_OBJC_ARC = YES;
				CLANG_WARN_BOOL_CONVERSION = YES;
				CLANG_WARN_CONSTANT_CONVERSION = YES;
				CLANG_WARN_DIRECT_OBJC_ISA_USAGE = YES_ERROR;
				CLANG_WARN_EMPTY_BODY = YES;
				CLANG_WARN_ENUM_CONVERSION = YES;
				CLANG_WARN_INT_CONVERSION = YES;
				CLANG_WARN_OBJC_ROOT_CLASS = YES_ERROR;
				CLANG_WARN_UNREACHABLE_CODE = YES;
				CLANG_WARN__DUPLICATE_METHOD_MATCH = YES;
				"CODE_SIGN_IDENTITY[sdk=iphoneos*]" = "iPhone Developer";
				COPY_PHASE_STRIP = YES;
				ENABLE_NS_ASSERTIONS = NO;
				ENABLE_STRICT_OBJC_MSGSEND = YES;
				GCC_C_LANGUAGE_STANDARD = gnu99;
				GCC_WARN_64_TO_32_BIT_CONVERSION = YES;
				GCC_WARN_ABOUT_RETURN_TYPE = YES_ERROR;
				GCC_WARN_UNDECLARED_SELECTOR = YES;
				GCC_WARN_UNINITIALIZED_AUTOS = YES_AGGRESSIVE;
				GCC_WARN_UNUSED_FUNCTION = YES;
				GCC_WARN_UNUSED_VARIABLE = YES;
				IPHONEOS_DEPLOYMENT_TARGET = 8.1;
				MTL_ENABLE_DEBUG_INFO = NO;
				SDKROOT = iphoneos;
				VALIDATE_PRODUCT = YES;
			};
			name = Release;
		};
		D3E4CB0B1A5A8007007E977B /* Debug */ = {
			isa = XCBuildConfiguration;
			buildSettings = {
				ASSETCATALOG_COMPILER_APPICON_NAME = AppIcon;
				INFOPLIST_FILE = PagesTest/Info.plist;
				LD_RUNPATH_SEARCH_PATHS = "$(inherited) @executable_path/Frameworks";
				PRODUCT_NAME = "$(TARGET_NAME)";
			};
			name = Debug;
		};
		D3E4CB0C1A5A8007007E977B /* Release */ = {
			isa = XCBuildConfiguration;
			buildSettings = {
				ASSETCATALOG_COMPILER_APPICON_NAME = AppIcon;
				INFOPLIST_FILE = PagesTest/Info.plist;
				LD_RUNPATH_SEARCH_PATHS = "$(inherited) @executable_path/Frameworks";
				PRODUCT_NAME = "$(TARGET_NAME)";
			};
			name = Release;
		};
		D3E4CB0E1A5A8007007E977B /* Debug */ = {
			isa = XCBuildConfiguration;
			buildSettings = {
				BUNDLE_LOADER = "$(TEST_HOST)";
				FRAMEWORK_SEARCH_PATHS = (
					"$(SDKROOT)/Developer/Library/Frameworks",
					"$(inherited)",
				);
				GCC_PREPROCESSOR_DEFINITIONS = (
					"DEBUG=1",
					"$(inherited)",
				);
				INFOPLIST_FILE = PagesTestTests/Info.plist;
				LD_RUNPATH_SEARCH_PATHS = "$(inherited) @executable_path/Frameworks @loader_path/Frameworks";
				PRODUCT_NAME = "$(TARGET_NAME)";
				TEST_HOST = "$(BUILT_PRODUCTS_DIR)/PagesTest.app/PagesTest";
			};
			name = Debug;
		};
		D3E4CB0F1A5A8007007E977B /* Release */ = {
			isa = XCBuildConfiguration;
			buildSettings = {
				BUNDLE_LOADER = "$(TEST_HOST)";
				FRAMEWORK_SEARCH_PATHS = (
					"$(SDKROOT)/Developer/Library/Frameworks",
					"$(inherited)",
				);
				INFOPLIST_FILE = PagesTestTests/Info.plist;
				LD_RUNPATH_SEARCH_PATHS = "$(inherited) @executable_path/Frameworks @loader_path/Frameworks";
				PRODUCT_NAME = "$(TARGET_NAME)";
				TEST_HOST = "$(BUILT_PRODUCTS_DIR)/PagesTest.app/PagesTest";
			};
			name = Release;
		};
/* End XCBuildConfiguration section */

/* Begin XCConfigurationList section */
		D3E4CAE61A5A8007007E977B /* Build configuration list for PBXProject "PagesTest" */ = {
			isa = XCConfigurationList;
			buildConfigurations = (
				D3E4CB081A5A8007007E977B /* Debug */,
				D3E4CB091A5A8007007E977B /* Release */,
			);
			defaultConfigurationIsVisible = 0;
			defaultConfigurationName = Release;
		};
		D3E4CB0A1A5A8007007E977B /* Build configuration list for PBXNativeTarget "PagesTest" */ = {
			isa = XCConfigurationList;
			buildConfigurations = (
				D3E4CB0B1A5A8007007E977B /* Debug */,
				D3E4CB0C1A5A8007007E977B /* Release */,
			);
			defaultConfigurationIsVisible = 0;
			defaultConfigurationName = Release;
		};
		D3E4CB0D1A5A8007007E977B /* Build configuration list for PBXNativeTarget "PagesTestTests" */ = {
			isa = XCConfigurationList;
			buildConfigurations = (
				D3E4CB0E1A5A8007007E977B /* Debug */,
				D3E4CB0F1A5A8007007E977B /* Release */,
			);
			defaultConfigurationIsVisible = 0;
			defaultConfigurationName = Release;
		};
/* End XCConfigurationList section */
	};
	rootObject = D3E4CAE31A5A8007007E977B /* Project object */;
}
